{
  "name": "web",
  "lockfileVersion": 3,
  "requires": true,
  "packages": {
    "": {
      "dependencies": {
        "@sparkjsdev/spark": "^2.0.0",
        "@takram/three-atmosphere": "^0.19.1",
        "@takram/three-geospatial": "^0.9.1",
        "postprocessing": "^6.39.1",
        "three": "^0.184.0",
        "three-gpu-pathtracer": "^0.0.24",
        "three-mesh-bvh": "0.8.3",
        "xatlas-web": "^0.1.0"
      }
    },
    "node_modules/@petamoriken/float16": {
      "version": "3.9.3",
      "resolved": "https://registry.npmjs.org/@petamoriken/float16/-/float16-3.9.3.tgz",
      "integrity": "sha512-8awtpHXCx/bNpFt4mt2xdkgtgVvKqty8VbjHI/WWWQuEw+KLzFot3f4+LkQY9YmOtq7A5GdOnqoIC8Pdygjk2g==",
      "license": "MIT"
    },
    "node_modules/@sparkjsdev/spark": {
      "version": "2.0.0",
      "resolved": "https://registry.npmjs.org/@sparkjsdev/spark/-/spark-2.0.0.tgz",
      "integrity": "sha512-W1p7NM4xXcUAVVcVus2mIFwcAC3VckyE0l4wXJuSmhcOgb6hHpqhQ/Ks9MK9ts7j23K+UwbCBwe+aTc/zgGygw==",
      "license": "MIT",
      "dependencies": {
        "fflate": "^0.8.2"
      },
      "peerDependencies": {
        "three": "^0.180.0"
      }
    },
    "node_modules/@takram/three-atmosphere": {
      "version": "0.19.1",
      "resolved": "https://registry.npmjs.org/@takram/three-atmosphere/-/three-atmosphere-0.19.1.tgz",
      "integrity": "sha512-k/QAgED7bMkjVzHiBu2QD1Cqg5lcgHLc8vxVeiTTzUE+glZcZOXTjjvi74yjb+eKQHW5wh1WL/DjxVvluAQU0Q==",
      "license": "MIT",
      "dependencies": {
        "@takram/three-geospatial": "0.9.1",
        "astronomy-engine": "^2.1.19",
        "react-merge-refs": "^3.0.2",
        "tiny-invariant": "^1.3.3",
        "url-join": "^5.0.0"
      },
      "peerDependencies": {
        "@react-three/drei": ">=10.0.2",
        "@react-three/fiber": ">=9.0.4",
        "@react-three/postprocessing": ">=3.0.4",
        "postprocessing": ">=6.36.7",
        "react": ">=19.0",
        "three": ">=0.170.0"
      },
      "peerDependenciesMeta": {
        "@react-three/drei": {
          "optional": true
        },
        "@react-three/fiber": {
          "optional": true
        },
        "@react-three/postprocessing": {
          "optional": true
        },
        "react": {
          "optional": true
        }
      }
    },
    "node_modules/@takram/three-geospatial": {
      "version": "0.9.1",
      "resolved": "https://registry.npmjs.org/@takram/three-geospatial/-/three-geospatial-0.9.1.tgz",
      "integrity": "sha512-fB7DAW0afN87e0/CcgZYVkF76yI0SXaRcVuT7M6+5vLZ8ySfJ7br2ceni37GVyY7zO1sLMBtoaMCH1mal/Zf9Q==",
      "license": "MIT",
      "dependencies": {
        "@petamoriken/float16": "^3.9.3",
        "tiny-invariant": "^1.3.3",
        "type-fest": "^5.4.4"
      },
      "peerDependencies": {
        "@react-three/fiber": ">=9.0.4",
        "react": ">=19.0",
        "three": ">=0.170.0"
      }
    },
    "node_modules/astronomy-engine": {
      "version": "2.1.19",
      "resolved": "https://registry.npmjs.org/astronomy-engine/-/astronomy-engine-2.1.19.tgz",
      "integrity": "sha512-8yWKNf7UeNbH458h3sAJ6ZgAjE5jTXp/mNNRFoC20j2SHwZIjAQeEsBB2Q3uCFRaTCCJRv33K2XhkhZQMXoX6w==",
      "license": "MIT"
    },
    "node_modules/fflate": {
      "version": "0.8.2",
      "resolved": "https://registry.npmjs.org/fflate/-/fflate-0.8.2.tgz",
      "integrity": "sha512-cPJU47OaAoCbg0pBvzsgpTPhmhqI5eJjh/JIu8tPj5q+T7iLvW/JAYUqmE7KOB4R1ZyEhzBaIQpQpardBF5z8A==",
      "license": "MIT"
    },
    "node_modules/postprocessing": {
      "version": "6.39.1",
      "resolved": "https://registry.npmjs.org/postprocessing/-/postprocessing-6.39.1.tgz",
      "integrity": "sha512-R2dG2zy+BAx3USl5EHw+PvnrlbT5PKnZVp3se0HCR0pWH8WQdh742yNG4YWOsq6c0bFpffk0Gd2RqPeoP/wKng==",
      "license": "Zlib",
      "peerDependencies": {
        "three": ">= 0.168.0 < 0.185.0"
      }
    },
    "node_modules/react-merge-refs": {
      "version": "3.0.2",
      "resolved": "https://registry.npmjs.org/react-merge-refs/-/react-merge-refs-3.0.2.tgz",
      "integrity": "sha512-MSZAfwFfdbEvwkKWP5EI5chuLYnNUxNS7vyS0i1Jp+wtd8J4Ga2ddzhaE68aMol2Z4vCnRM/oGOo1a3V75UPlw==",
      "license": "MIT",
      "funding": {
        "type": "github",
        "url": "https://github.com/sponsors/gregberge"
      },
      "peerDependencies": {
        "react": ">=16.8.0 || ^17.0.0 || ^18.0.0 || ^19.0.0"
      },
      "peerDependenciesMeta": {
        "react": {
          "optional": true
        }
      }
    },
    "node_modules/tagged-tag": {
      "version": "1.0.0",
      "resolved": "https://registry.npmjs.org/tagged-tag/-/tagged-tag-1.0.0.tgz",
      "integrity": "sha512-yEFYrVhod+hdNyx7g5Bnkkb0G6si8HJurOoOEgC8B/O0uXLHlaey/65KRv6cuWBNhBgHKAROVpc7QyYqE5gFng==",
      "license": "MIT",
      "engines": {
        "node": ">=20"
      },
      "funding": {
        "url": "https://github.com/sponsors/sindresorhus"
      }
    },
    "node_modules/three": {
      "version": "0.184.0",
      "resolved": "https://registry.npmjs.org/three/-/three-0.184.0.tgz",
      "integrity": "sha512-wtTRjG92pM5eUg/KuUnHsqSAlPM296brTOcLgMRqEeylYTh/CdtvKUvCyyCQTzFuStieWxvZb8mVTMvdPyUpxg==",
      "license": "MIT"
    },
    "node_modules/three-gpu-pathtracer": {
      "version": "0.0.24",
      "resolved": "https://registry.npmjs.org/three-gpu-pathtracer/-/three-gpu-pathtracer-0.0.24.tgz",
      "integrity": "sha512-fHQ7g7ywvSwRAQywhsfech2/kspQKinfFNOcNDTJS2Q34CzcF1kpESlOVvJH8kX/bGlCnxMI+Qo16kWGAy7zCA==",
      "license": "MIT",
      "peerDependencies": {
        "three": ">=0.180.0",
        "three-mesh-bvh": ">=0.7.4",
        "xatlas-web": "^0.1.0"
      }
    },
    "node_modules/three-mesh-bvh": {
      "version": "0.8.3",
      "resolved": "https://registry.npmjs.org/three-mesh-bvh/-/three-mesh-bvh-0.8.3.tgz",
      "integrity": "sha512-4G5lBaF+g2auKX3P0yqx+MJC6oVt6sB5k+CchS6Ob0qvH0YIhuUk1eYr7ktsIpY+albCqE80/FVQGV190PmiAg==",
      "license": "MIT",
      "peerDependencies": {
        "three": ">= 0.159.0"
      }
    },
    "node_modules/tiny-invariant": {
      "version": "1.3.3",
      "resolved": "https://registry.npmjs.org/tiny-invariant/-/tiny-invariant-1.3.3.tgz",
      "integrity": "sha512-+FbBPE1o9QAYvviau/qC5SE3caw21q3xkvWKBtja5vgqOWIHHJ3ioaq1VPfn/Szqctz2bU/oYeKd9/z5BL+PVg==",
      "license": "MIT"
    },
    "node_modules/type-fest": {
      "version": "5.6.0",
      "resolved": "https://registry.npmjs.org/type-fest/-/type-fest-5.6.0.tgz",
      "integrity": "sha512-8ZiHFm91orbSAe2PSAiSVBVko18pbhbiB3U9GglSzF/zCGkR+rxpHx6sEMCUm4kxY4LjDIUGgCfUMtwfZfjfUA==",
      "license": "(MIT OR CC0-1.0)",
      "dependencies": {
        "tagged-tag": "^1.0.0"
      },
      "engines": {
        "node": ">=20"
      },
      "funding": {
        "url": "https://github.com/sponsors/sindresorhus"
      }
    },
    "node_modules/url-join": {
      "version": "5.0.0",
      "resolved": "https://registry.npmjs.org/url-join/-/url-join-5.0.0.tgz",
      "integrity": "sha512-n2huDr9h9yzd6exQVnH/jU5mr+Pfx08LRXXZhkLLetAMESRj+anQsTAh940iMrIetKAmry9coFuZQ2jY8/p3WA==",
      "license": "MIT",
      "engines": {
        "node": "^12.20.0 || ^14.13.1 || >=16.0.0"
      }
    },
    "node_modules/xatlas-web": {
      "version": "0.1.0",
      "resolved": "https://registry.npmjs.org/xatlas-web/-/xatlas-web-0.1.0.tgz",
      "integrity": "sha512-PprVfuXbaIskxLTLBUQRaWfgSy9xUQqAMIRooOw0P6NYqwgh6T0voeer6+Z5M7AFt5SGXUybuww/uDGs1yw8vQ==",
      "license": "MIT"
    }
  }
}
